// !$*UTF8*$!
{
	archiveVersion = 1;
	classes = {
	};
	objectVersion = 46;
	objects = {

/* Begin PBXBuildFile section */
		BD3923AA19ECF6B30045B104 /* HistoryViewController.m in Sources */ = {isa = PBXBuildFile; fileRef = BD3923A919ECF6B30045B104 /* HistoryViewController.m */; };
		BD60084019CE4AF800EFCF76 /* Default-568h@2x.png in Resources */ = {isa = PBXBuildFile; fileRef = BD60083F19CE4AF800EFCF76 /* Default-568h@2x.png */; };
		BDA74FFC19CDF80A00261FEE /* main.m in Sources */ = {isa = PBXBuildFile; fileRef = BDA74FFB19CDF80A00261FEE /* main.m */; };
		BDA74FFF19CDF80A00261FEE /* AppDelegate.m in Sources */ = {isa = PBXBuildFile; fileRef = BDA74FFE19CDF80A00261FEE /* AppDelegate.m */; };
		BDA7500219CDF80A00261FEE /* CardGameViewController.m in Sources */ = {isa = PBXBuildFile; fileRef = BDA7500119CDF80A00261FEE /* CardGameViewController.m */; };
		BDA7500519CDF80A00261FEE /* Main.storyboard in Resources */ = {isa = PBXBuildFile; fileRef = BDA7500319CDF80A00261FEE /* Main.storyboard */; };
		BDA7500719CDF80A00261FEE /* Images.xcassets in Resources */ = {isa = PBXBuildFile; fileRef = BDA7500619CDF80A00261FEE /* Images.xcassets */; };
		BDA7500A19CDF80A00261FEE /* LaunchScreen.xib in Resources */ = {isa = PBXBuildFile; fileRef = BDA7500819CDF80A00261FEE /* LaunchScreen.xib */; };
		BDA7501619CDF80A00261FEE /* MatchismoTests.m in Sources */ = {isa = PBXBuildFile; fileRef = BDA7501519CDF80A00261FEE /* MatchismoTests.m */; };
		BDAE56D019CF232F00CBF862 /* Card.m in Sources */ = {isa = PBXBuildFile; fileRef = BDAE56CF19CF232F00CBF862 /* Card.m */; };
		BDAE56D419CF273200CBF862 /* PlayingCard.m in Sources */ = {isa = PBXBuildFile; fileRef = BDAE56D319CF273200CBF862 /* PlayingCard.m */; };
		BDAE56D719CF278C00CBF862 /* Deck.m in Sources */ = {isa = PBXBuildFile; fileRef = BDAE56D619CF278C00CBF862 /* Deck.m */; };
		BDAE56DA19CF292300CBF862 /* PlayingCardDeck.m in Sources */ = {isa = PBXBuildFile; fileRef = BDAE56D919CF292300CBF862 /* PlayingCardDeck.m */; };
		BDAE56DD19CF35CB00CBF862 /* CardMatchingGame.m in Sources */ = {isa = PBXBuildFile; fileRef = BDAE56DC19CF35CB00CBF862 /* CardMatchingGame.m */; };
		BDB4BE9C19ECAC0E00D7B99A /* SetCardViewController.m in Sources */ = {isa = PBXBuildFile; fileRef = BDB4BE9B19ECAC0E00D7B99A /* SetCardViewController.m */; };
		BDB4BE9F19ECAE5A00D7B99A /* PlayingCardViewController.m in Sources */ = {isa = PBXBuildFile; fileRef = BDB4BE9E19ECAE5A00D7B99A /* PlayingCardViewController.m */; };
		BDB4BEA219ECB08100D7B99A /* SetCard.m in Sources */ = {isa = PBXBuildFile; fileRef = BDB4BEA119ECB08100D7B99A /* SetCard.m */; };
		BDB4BEA519ECB0A400D7B99A /* SetCardDeck.m in Sources */ = {isa = PBXBuildFile; fileRef = BDB4BEA419ECB0A400D7B99A /* SetCardDeck.m */; };
/* End PBXBuildFile section */

/* Begin PBXContainerItemProxy section */
		BDA7501019CDF80A00261FEE /* PBXContainerItemProxy */ = {
			isa = PBXContainerItemProxy;
			containerPortal = BDA74FEE19CDF80900261FEE /* Project object */;
			proxyType = 1;
			remoteGlobalIDString = BDA74FF519CDF80900261FEE;
			remoteInfo = Matchismo;
		};
/* End PBXContainerItemProxy section */

/* Begin PBXFileReference section */
		BD3923A819ECF6B30045B104 /* HistoryViewController.h */ = {isa = PBXFileReference; fileEncoding = 4; lastKnownFileType = sourcecode.c.h; path = HistoryViewController.h; sourceTree = "<group>"; };
		BD3923A919ECF6B30045B104 /* HistoryViewController.m */ = {isa = PBXFileReference; fileEncoding = 4; lastKnownFileType = sourcecode.c.objc; path = HistoryViewController.m; sourceTree = "<group>"; };
		BD60083F19CE4AF800EFCF76 /* Default-568h@2x.png */ = {isa = PBXFileReference; lastKnownFileType = image.png; path = "Default-568h@2x.png"; sourceTree = "<group>"; };
		BDA74FF619CDF80900261FEE /* Matchismo.app */ = {isa = PBXFileReference; explicitFileType = wrapper.application; includeInIndex = 0; path = Matchismo.app; sourceTree = BUILT_PRODUCTS_DIR; };
		BDA74FFA19CDF80A00261FEE /* Info.plist */ = {isa = PBXFileReference; lastKnownFileType = text.plist.xml; path = Info.plist; sourceTree = "<group>"; };
		BDA74FFB19CDF80A00261FEE /* main.m */ = {isa = PBXFileReference; lastKnownFileType = sourcecode.c.objc; path = main.m; sourceTree = "<group>"; };
		BDA74FFD19CDF80A00261FEE /* AppDelegate.h */ = {isa = PBXFileReference; lastKnownFileType = sourcecode.c.h; path = AppDelegate.h; sourceTree = "<group>"; };
		BDA74FFE19CDF80A00261FEE /* AppDelegate.m */ = {isa = PBXFileReference; lastKnownFileType = sourcecode.c.objc; path = AppDelegate.m; sourceTree = "<group>"; };
		BDA7500019CDF80A00261FEE /* CardGameViewController.h */ = {isa = PBXFileReference; lastKnownFileType = sourcecode.c.h; path = CardGameViewController.h; sourceTree = "<group>"; };
		BDA7500119CDF80A00261FEE /* CardGameViewController.m */ = {isa = PBXFileReference; lastKnownFileType = sourcecode.c.objc; path = CardGameViewController.m; sourceTree = "<group>"; };
		BDA7500419CDF80A00261FEE /* Base */ = {isa = PBXFileReference; lastKnownFileType = file.storyboard; name = Base; path = Base.lproj/Main.storyboard; sourceTree = "<group>"; };
		BDA7500619CDF80A00261FEE /* Images.xcassets */ = {isa = PBXFileReference; lastKnownFileType = folder.assetcatalog; path = Images.xcassets; sourceTree = "<group>"; };
		BDA7500919CDF80A00261FEE /* Base */ = {isa = PBXFileReference; lastKnownFileType = file.xib; name = Base; path = Base.lproj/LaunchScreen.xib; sourceTree = "<group>"; };
		BDA7500F19CDF80A00261FEE /* MatchismoTests.xctest */ = {isa = PBXFileReference; explicitFileType = wrapper.cfbundle; includeInIndex = 0; path = MatchismoTests.xctest; sourceTree = BUILT_PRODUCTS_DIR; };
		BDA7501419CDF80A00261FEE /* Info.plist */ = {isa = PBXFileReference; lastKnownFileType = text.plist.xml; path = Info.plist; sourceTree = "<group>"; };
		BDA7501519CDF80A00261FEE /* MatchismoTests.m */ = {isa = PBXFileReference; lastKnownFileType = sourcecode.c.objc; path = MatchismoTests.m; sourceTree = "<group>"; };
		BDAE56CE19CF232F00CBF862 /* Card.h */ = {isa = PBXFileReference; fileEncoding = 4; lastKnownFileType = sourcecode.c.h; name = Card.h; path = Model/Card.h; sourceTree = "<group>"; };
		BDAE56CF19CF232F00CBF862 /* Card.m */ = {isa = PBXFileReference; fileEncoding = 4; lastKnownFileType = sourcecode.c.objc; name = Card.m; path = Model/Card.m; sourceTree = "<group>"; };
		BDAE56D219CF273200CBF862 /* PlayingCard.h */ = {isa = PBXFileReference; fileEncoding = 4; lastKnownFileType = sourcecode.c.h; name = PlayingCard.h; path = Model/PlayingCard.h; sourceTree = "<group>"; };
		BDAE56D319CF273200CBF862 /* PlayingCard.m */ = {isa = PBXFileReference; fileEncoding = 4; lastKnownFileType = sourcecode.c.objc; name = PlayingCard.m; path = Model/PlayingCard.m; sourceTree = "<group>"; };
		BDAE56D519CF278C00CBF862 /* Deck.h */ = {isa = PBXFileReference; fileEncoding = 4; lastKnownFileType = sourcecode.c.h; name = Deck.h; path = Model/Deck.h; sourceTree = "<group>"; };
		BDAE56D619CF278C00CBF862 /* Deck.m */ = {isa = PBXFileReference; fileEncoding = 4; lastKnownFileType = sourcecode.c.objc; name = Deck.m; path = Model/Deck.m; sourceTree = "<group>"; };
		BDAE56D819CF292300CBF862 /* PlayingCardDeck.h */ = {isa = PBXFileReference; fileEncoding = 4; lastKnownFileType = sourcecode.c.h; name = PlayingCardDeck.h; path = Model/PlayingCardDeck.h; sourceTree = "<group>"; };
		BDAE56D919CF292300CBF862 /* PlayingCardDeck.m */ = {isa = PBXFileReference; fileEncoding = 4; lastKnownFileType = sourcecode.c.objc; name = PlayingCardDeck.m; path = Model/PlayingCardDeck.m; sourceTree = "<group>"; };
		BDAE56DB19CF35CB00CBF862 /* CardMatchingGame.h */ = {isa = PBXFileReference; fileEncoding = 4; lastKnownFileType = sourcecode.c.h; name = CardMatchingGame.h; path = Model/CardMatchingGame.h; sourceTree = "<group>"; };
		BDAE56DC19CF35CB00CBF862 /* CardMatchingGame.m */ = {isa = PBXFileReference; fileEncoding = 4; lastKnownFileType = sourcecode.c.objc; name = CardMatchingGame.m; path = Model/CardMatchingGame.m; sourceTree = "<group>"; };
		BDB4BE9A19ECAC0E00D7B99A /* SetCardViewController.h */ = {isa = PBXFileReference; fileEncoding = 4; lastKnownFileType = sourcecode.c.h; path = SetCardViewController.h; sourceTree = "<group>"; };
		BDB4BE9B19ECAC0E00D7B99A /* SetCardViewController.m */ = {isa = PBXFileReference; fileEncoding = 4; lastKnownFileType = sourcecode.c.objc; path = SetCardViewController.m; sourceTree = "<group>"; };
		BDB4BE9D19ECAE5A00D7B99A /* PlayingCardViewController.h */ = {isa = PBXFileReference; fileEncoding = 4; lastKnownFileType = sourcecode.c.h; path = PlayingCardViewController.h; sourceTree = "<group>"; };
		BDB4BE9E19ECAE5A00D7B99A /* PlayingCardViewController.m */ = {isa = PBXFileReference; fileEncoding = 4; lastKnownFileType = sourcecode.c.objc; path = PlayingCardViewController.m; sourceTree = "<group>"; };
		BDB4BEA019ECB08100D7B99A /* SetCard.h */ = {isa = PBXFileReference; fileEncoding = 4; lastKnownFileType = sourcecode.c.h; name = SetCard.h; path = Model/SetCard.h; sourceTree = "<group>"; };
		BDB4BEA119ECB08100D7B99A /* SetCard.m */ = {isa = PBXFileReference; fileEncoding = 4; lastKnownFileType = sourcecode.c.objc; name = SetCard.m; path = Model/SetCard.m; sourceTree = "<group>"; };
		BDB4BEA319ECB0A400D7B99A /* SetCardDeck.h */ = {isa = PBXFileReference; fileEncoding = 4; lastKnownFileType = sourcecode.c.h; name = SetCardDeck.h; path = Model/SetCardDeck.h; sourceTree = "<group>"; };
		BDB4BEA419ECB0A400D7B99A /* SetCardDeck.m */ = {isa = PBXFileReference; fileEncoding = 4; lastKnownFileType = sourcecode.c.objc; name = SetCardDeck.m; path = Model/SetCardDeck.m; sourceTree = "<group>"; };
/* End PBXFileReference section */

/* Begin PBXFrameworksBuildPhase section */
		BDA74FF319CDF80900261FEE /* Frameworks */ = {
			isa = PBXFrameworksBuildPhase;
			buildActionMask = 2147483647;
			files = (
			);
			runOnlyForDeploymentPostprocessing = 0;
		};
		BDA7500C19CDF80A00261FEE /* Frameworks */ = {
			isa = PBXFrameworksBuildPhase;
			buildActionMask = 2147483647;
			files = (
			);
			runOnlyForDeploymentPostprocessing = 0;
		};
/* End PBXFrameworksBuildPhase section */

/* Begin PBXGroup section */
		BDA74FED19CDF80900261FEE = {
			isa = PBXGroup;
			children = (
				BD60083F19CE4AF800EFCF76 /* Default-568h@2x.png */,
				BDA74FF819CDF80900261FEE /* Matchismo */,
				BDA7501219CDF80A00261FEE /* MatchismoTests */,
				BDA74FF719CDF80900261FEE /* Products */,
			);
			sourceTree = "<group>";
		};
		BDA74FF719CDF80900261FEE /* Products */ = {
			isa = PBXGroup;
			children = (
				BDA74FF619CDF80900261FEE /* Matchismo.app */,
				BDA7500F19CDF80A00261FEE /* MatchismoTests.xctest */,
			);
			name = Products;
			sourceTree = "<group>";
		};
		BDA74FF819CDF80900261FEE /* Matchismo */ = {
			isa = PBXGroup;
			children = (
				BDA7500019CDF80A00261FEE /* CardGameViewController.h */,
				BDA7500119CDF80A00261FEE /* CardGameViewController.m */,
				BDB4BE9D19ECAE5A00D7B99A /* PlayingCardViewController.h */,
				BDB4BE9E19ECAE5A00D7B99A /* PlayingCardViewController.m */,
				BDB4BE9A19ECAC0E00D7B99A /* SetCardViewController.h */,
				BDB4BE9B19ECAC0E00D7B99A /* SetCardViewController.m */,
				BD3923A819ECF6B30045B104 /* HistoryViewController.h */,
				BD3923A919ECF6B30045B104 /* HistoryViewController.m */,
				BDA7500319CDF80A00261FEE /* Main.storyboard */,
				BDAE56D119CF24FC00CBF862 /* Model */,
				BDA7500619CDF80A00261FEE /* Images.xcassets */,
				BDA7500819CDF80A00261FEE /* LaunchScreen.xib */,
				BDA74FF919CDF80A00261FEE /* Supporting Files */,
			);
			path = Matchismo;
			sourceTree = "<group>";
		};
		BDA74FF919CDF80A00261FEE /* Supporting Files */ = {
			isa = PBXGroup;
			children = (
				BDA74FFD19CDF80A00261FEE /* AppDelegate.h */,
				BDA74FFE19CDF80A00261FEE /* AppDelegate.m */,
				BDA74FFA19CDF80A00261FEE /* Info.plist */,
				BDA74FFB19CDF80A00261FEE /* main.m */,
			);
			name = "Supporting Files";
			sourceTree = "<group>";
		};
		BDA7501219CDF80A00261FEE /* MatchismoTests */ = {
			isa = PBXGroup;
			children = (
				BDA7501519CDF80A00261FEE /* MatchismoTests.m */,
				BDA7501319CDF80A00261FEE /* Supporting Files */,
			);
			path = MatchismoTests;
			sourceTree = "<group>";
		};
		BDA7501319CDF80A00261FEE /* Supporting Files */ = {
			isa = PBXGroup;
			children = (
				BDA7501419CDF80A00261FEE /* Info.plist */,
			);
			name = "Supporting Files";
			sourceTree = "<group>";
		};
		BDAE56D119CF24FC00CBF862 /* Model */ = {
			isa = PBXGroup;
			children = (
				BDAE56D219CF273200CBF862 /* PlayingCard.h */,
				BDAE56D319CF273200CBF862 /* PlayingCard.m */,
				BDAE56D819CF292300CBF862 /* PlayingCardDeck.h */,
				BDAE56D919CF292300CBF862 /* PlayingCardDeck.m */,
				BDAE56D519CF278C00CBF862 /* Deck.h */,
				BDAE56D619CF278C00CBF862 /* Deck.m */,
				BDAE56CE19CF232F00CBF862 /* Card.h */,
				BDAE56CF19CF232F00CBF862 /* Card.m */,
				BDAE56DB19CF35CB00CBF862 /* CardMatchingGame.h */,
				BDAE56DC19CF35CB00CBF862 /* CardMatchingGame.m */,
				BDB4BEA019ECB08100D7B99A /* SetCard.h */,
				BDB4BEA119ECB08100D7B99A /* SetCard.m */,
				BDB4BEA319ECB0A400D7B99A /* SetCardDeck.h */,
				BDB4BEA419ECB0A400D7B99A /* SetCardDeck.m */,
			);
			name = Model;
			sourceTree = "<group>";
		};
/* End PBXGroup section */

/* Begin PBXNativeTarget section */
		BDA74FF519CDF80900261FEE /* Matchismo */ = {
			isa = PBXNativeTarget;
			buildConfigurationList = BDA7501919CDF80A00261FEE /* Build configuration list for PBXNativeTarget "Matchismo" */;
			buildPhases = (
				BDA74FF219CDF80900261FEE /* Sources */,
				BDA74FF319CDF80900261FEE /* Frameworks */,
				BDA74FF419CDF80900261FEE /* Resources */,
			);
			buildRules = (
			);
			dependencies = (
			);
			name = Matchismo;
			productName = Matchismo;
			productReference = BDA74FF619CDF80900261FEE /* Matchismo.app */;
			productType = "com.apple.product-type.application";
		};
		BDA7500E19CDF80A00261FEE /* MatchismoTests */ = {
			isa = PBXNativeTarget;
			buildConfigurationList = BDA7501C19CDF80A00261FEE /* Build configuration list for PBXNativeTarget "MatchismoTests" */;
			buildPhases = (
				BDA7500B19CDF80A00261FEE /* Sources */,
				BDA7500C19CDF80A00261FEE /* Frameworks */,
				BDA7500D19CDF80A00261FEE /* Resources */,
			);
			buildRules = (
			);
			dependencies = (
				BDA7501119CDF80A00261FEE /* PBXTargetDependency */,
			);
			name = MatchismoTests;
			productName = MatchismoTests;
			productReference = BDA7500F19CDF80A00261FEE /* MatchismoTests.xctest */;
			productType = "com.apple.product-type.bundle.unit-test";
		};
/* End PBXNativeTarget section */

/* Begin PBXProject section */
		BDA74FEE19CDF80900261FEE /* Project object */ = {
			isa = PBXProject;
			attributes = {
				CLASSPREFIX = CardGame;
				LastUpgradeCheck = 0600;
				ORGANIZATIONNAME = TopEspCG;
				TargetAttributes = {
					BDA74FF519CDF80900261FEE = {
						CreatedOnToolsVersion = 6.0.1;
					};
					BDA7500E19CDF80A00261FEE = {
						CreatedOnToolsVersion = 6.0.1;
						TestTargetID = BDA74FF519CDF80900261FEE;
					};
				};
			};
			buildConfigurationList = BDA74FF119CDF80900261FEE /* Build configuration list for PBXProject "Matchismo" */;
			compatibilityVersion = "Xcode 3.2";
			developmentRegion = English;
			hasScannedForEncodings = 0;
			knownRegions = (
				en,
				Base,
			);
			mainGroup = BDA74FED19CDF80900261FEE;
			productRefGroup = BDA74FF719CDF80900261FEE /* Products */;
			projectDirPath = "";
			projectRoot = "";
			targets = (
				BDA74FF519CDF80900261FEE /* Matchismo */,
				BDA7500E19CDF80A00261FEE /* MatchismoTests */,
			);
		};
/* End PBXProject section */

/* Begin PBXResourcesBuildPhase section */
		BDA74FF419CDF80900261FEE /* Resources */ = {
			isa = PBXResourcesBuildPhase;
			buildActionMask = 2147483647;
			files = (
				BDA7500519CDF80A00261FEE /* Main.storyboard in Resources */,
				BD60084019CE4AF800EFCF76 /* Default-568h@2x.png in Resources */,
				BDA7500A19CDF80A00261FEE /* LaunchScreen.xib in Resources */,
				BDA7500719CDF80A00261FEE /* Images.xcassets in Resources */,
			);
			runOnlyForDeploymentPostprocessing = 0;
		};
		BDA7500D19CDF80A00261FEE /* Resources */ = {
			isa = PBXResourcesBuildPhase;
			buildActionMask = 2147483647;
			files = (
			);
			runOnlyForDeploymentPostprocessing = 0;
		};
/* End PBXResourcesBuildPhase section */

/* Begin PBXSourcesBuildPhase section */
		BDA74FF219CDF80900261FEE /* Sources */ = {
			isa = PBXSourcesBuildPhase;
			buildActionMask = 2147483647;
			files = (
				BDA7500219CDF80A00261FEE /* CardGameViewController.m in Sources */,
				BDB4BE9C19ECAC0E00D7B99A /* SetCardViewController.m in Sources */,
				BDA74FFF19CDF80A00261FEE /* AppDelegate.m in Sources */,
				BDA74FFC19CDF80A00261FEE /* main.m in Sources */,
				BDAE56D419CF273200CBF862 /* PlayingCard.m in Sources */,
				BDB4BEA219ECB08100D7B99A /* SetCard.m in Sources */,
				BD3923AA19ECF6B30045B104 /* HistoryViewController.m in Sources */,
				BDAE56DD19CF35CB00CBF862 /* CardMatchingGame.m in Sources */,
				BDAE56DA19CF292300CBF862 /* PlayingCardDeck.m in Sources */,
				BDB4BE9F19ECAE5A00D7B99A /* PlayingCardViewController.m in Sources */,
				BDB4BEA519ECB0A400D7B99A /* SetCardDeck.m in Sources */,
				BDAE56D719CF278C00CBF862 /* Deck.m in Sources */,
				BDAE56D019CF232F00CBF862 /* Card.m in Sources */,
			);
			runOnlyForDeploymentPostprocessing = 0;
		};
		BDA7500B19CDF80A00261FEE /* Sources */ = {
			isa = PBXSourcesBuildPhase;
			buildActionMask = 2147483647;
			files = (
				BDA7501619CDF80A00261FEE /* MatchismoTests.m in Sources */,
			);
			runOnlyForDeploymentPostprocessing = 0;
		};
/* End PBXSourcesBuildPhase section */

/* Begin PBXTargetDependency section */
		BDA7501119CDF80A00261FEE /* PBXTargetDependency */ = {
			isa = PBXTargetDependency;
			target = BDA74FF519CDF80900261FEE /* Matchismo */;
			targetProxy = BDA7501019CDF80A00261FEE /* PBXContainerItemProxy */;
		};
/* End PBXTargetDependency section */

/* Begin PBXVariantGroup section */
		BDA7500319CDF80A00261FEE /* Main.storyboard */ = {
			isa = PBXVariantGroup;
			children = (
				BDA7500419CDF80A00261FEE /* Base */,
			);
			name = Main.storyboard;
			sourceTree = "<group>";
		};
		BDA7500819CDF80A00261FEE /* LaunchScreen.xib */ = {
			isa = PBXVariantGroup;
			children = (
				BDA7500919CDF80A00261FEE /* Base */,
			);
			name = LaunchScreen.xib;
			sourceTree = "<group>";
		};
/* End PBXVariantGroup section */

/* Begin XCBuildConfiguration section */
		BDA7501719CDF80A00261FEE /* Debug */ = {
			isa = XCBuildConfiguration;
			buildSettings = {
				ALWAYS_SEARCH_USER_PATHS = NO;
				CLANG_CXX_LANGUAGE_STANDARD = "gnu++0x";
				CLANG_CXX_LIBRARY = "libc++";
				CLANG_ENABLE_MODULES = YES;
				CLANG_ENABLE_OBJC_ARC = YES;
				CLANG_WARN_BOOL_CONVERSION = YES;
				CLANG_WARN_CONSTANT_CONVERSION = YES;
				CLANG_WARN_DIRECT_OBJC_ISA_USAGE = YES_ERROR;
				CLANG_WARN_EMPTY_BODY = YES;
				CLANG_WARN_ENUM_CONVERSION = YES;
				CLANG_WARN_INT_CONVERSION = YES;
				CLANG_WARN_OBJC_ROOT_CLASS = YES_ERROR;
				CLANG_WARN_UNREACHABLE_CODE = YES;
				CLANG_WARN__DUPLICATE_METHOD_MATCH = YES;
				"CODE_SIGN_IDENTITY[sdk=iphoneos*]" = "iPhone Developer";
				COPY_PHASE_STRIP = NO;
				ENABLE_STRICT_OBJC_MSGSEND = YES;
				GCC_C_LANGUAGE_STANDARD = gnu99;
				GCC_DYNAMIC_NO_PIC = NO;
				GCC_OPTIMIZATION_LEVEL = 0;
				GCC_PREPROCESSOR_DEFINITIONS = (
					"DEBUG=1",
					"$(inherited)",
				);
				GCC_SYMBOLS_PRIVATE_EXTERN = NO;
				GCC_WARN_64_TO_32_BIT_CONVERSION = YES;
				GCC_WARN_ABOUT_RETURN_TYPE = YES_ERROR;
				GCC_WARN_UNDECLARED_SELECTOR = YES;
				GCC_WARN_UNINITIALIZED_AUTOS = YES_AGGRESSIVE;
				GCC_WARN_UNUSED_FUNCTION = YES;
				GCC_WARN_UNUSED_VARIABLE = YES;
				IPHONEOS_DEPLOYMENT_TARGET = 8.0;
				MTL_ENABLE_DEBUG_INFO = YES;
				ONLY_ACTIVE_ARCH = YES;
				SDKROOT = iphoneos;
			};
			name = Debug;
		};
		BDA7501819CDF80A00261FEE /* Release */ = {
			isa = XCBuildConfiguration;
			buildSettings = {
				ALWAYS_SEARCH_USER_PATHS = NO;
				CLANG_CXX_LANGUAGE_STANDARD = "gnu++0x";
				CLANG_CXX_LIBRARY = "libc++";
				CLANG_ENABLE_MODULES = YES;
				CLANG_ENABLE_OBJC_ARC = YES;
				CLANG_WARN_BOOL_CONVERSION = YES;
				CLANG_WARN_CONSTANT_CONVERSION = YES;
				CLANG_WARN_DIRECT_OBJC_ISA_USAGE = YES_ERROR;
				CLANG_WARN_EMPTY_BODY = YES;
				CLANG_WARN_ENUM_CONVERSION = YES;
				CLANG_WARN_INT_CONVERSION = YES;
				CLANG_WARN_OBJC_ROOT_CLASS = YES_ERROR;
				CLANG_WARN_UNREACHABLE_CODE = YES;
				CLANG_WARN__DUPLICATE_METHOD_MATCH = YES;
				"CODE_SIGN_IDENTITY[sdk=iphoneos*]" = "iPhone Developer";
				COPY_PHASE_STRIP = YES;
				ENABLE_NS_ASSERTIONS = NO;
				ENABLE_STRICT_OBJC_MSGSEND = YES;
				GCC_C_LANGUAGE_STANDARD = gnu99;
				GCC_WARN_64_TO_32_BIT_CONVERSION = YES;
				GCC_WARN_ABOUT_RETURN_TYPE = YES_ERROR;
				GCC_WARN_UNDECLARED_SELECTOR = YES;
				GCC_WARN_UNINITIALIZED_AUTOS = YES_AGGRESSIVE;
				GCC_WARN_UNUSED_FUNCTION = YES;
				GCC_WARN_UNUSED_VARIABLE = YES;
				IPHONEOS_DEPLOYMENT_TARGET = 8.0;
				MTL_ENABLE_DEBUG_INFO = NO;
				SDKROOT = iphoneos;
				VALIDATE_PRODUCT = YES;
			};
			name = Release;
		};
		BDA7501A19CDF80A00261FEE /* Debug */ = {
			isa = XCBuildConfiguration;
			buildSettings = {
				ASSETCATALOG_COMPILER_LAUNCHIMAGE_NAME = LaunchImage;
				INFOPLIST_FILE = Matchismo/Info.plist;
				IPHONEOS_DEPLOYMENT_TARGET = 7.0;
				LD_RUNPATH_SEARCH_PATHS = "$(inherited) @executable_path/Frameworks";
				PRODUCT_NAME = "$(TARGET_NAME)";
				TARGETED_DEVICE_FAMILY = 1;
			};
			name = Debug;
		};
		BDA7501B19CDF80A00261FEE /* Release */ = {
			isa = XCBuildConfiguration;
			buildSettings = {
				ASSETCATALOG_COMPILER_LAUNCHIMAGE_NAME = LaunchImage;
				INFOPLIST_FILE = Matchismo/Info.plist;
				IPHONEOS_DEPLOYMENT_TARGET = 7.0;
				LD_RUNPATH_SEARCH_PATHS = "$(inherited) @executable_path/Frameworks";
				PRODUCT_NAME = "$(TARGET_NAME)";
				TARGETED_DEVICE_FAMILY = 1;
			};
			name = Release;
		};
		BDA7501D19CDF80A00261FEE /* Debug */ = {
			isa = XCBuildConfiguration;
			buildSettings = {
				BUNDLE_LOADER = "$(TEST_HOST)";
				FRAMEWORK_SEARCH_PATHS = (
					"$(SDKROOT)/Developer/Library/Frameworks",
					"$(inherited)",
				);
				GCC_PREPROCESSOR_DEFINITIONS = (
					"DEBUG=1",
					"$(inherited)",
				);
				INFOPLIST_FILE = MatchismoTests/Info.plist;
				IPHONEOS_DEPLOYMENT_TARGET = 7.0;
				LD_RUNPATH_SEARCH_PATHS = "$(inherited) @executable_path/Frameworks @loader_path/Frameworks";
				PRODUCT_NAME = "$(TARGET_NAME)";
				TEST_HOST = "$(BUILT_PRODUCTS_DIR)/Matchismo.app/Matchismo";
			};
			name = Debug;
		};
		BDA7501E19CDF80A00261FEE /* Release */ = {
			isa = XCBuildConfiguration;
			buildSettings = {
				BUNDLE_LOADER = "$(TEST_HOST)";
				FRAMEWORK_SEARCH_PATHS = (
					"$(SDKROOT)/Developer/Library/Frameworks",
					"$(inherited)",
				);
				INFOPLIST_FILE = MatchismoTests/Info.plist;
				IPHONEOS_DEPLOYMENT_TARGET = 7.0;
				LD_RUNPATH_SEARCH_PATHS = "$(inherited) @executable_path/Frameworks @loader_path/Frameworks";
				PRODUCT_NAME = "$(TARGET_NAME)";
				TEST_HOST = "$(BUILT_PRODUCTS_DIR)/Matchismo.app/Matchismo";
			};
			name = Release;
		};
/* End XCBuildConfiguration section */

/* Begin XCConfigurationList section */
		BDA74FF119CDF80900261FEE /* Build configuration list for PBXProject "Matchismo" */ = {
			isa = XCConfigurationList;
			buildConfigurations = (
				BDA7501719CDF80A00261FEE /* Debug */,
				BDA7501819CDF80A00261FEE /* Release */,
			);
			defaultConfigurationIsVisible = 0;
			defaultConfigurationName = Release;
		};
		BDA7501919CDF80A00261FEE /* Build configuration list for PBXNativeTarget "Matchismo" */ = {
			isa = XCConfigurationList;
			buildConfigurations = (
				BDA7501A19CDF80A00261FEE /* Debug */,
				BDA7501B19CDF80A00261FEE /* Release */,
			);
			defaultConfigurationIsVisible = 0;
			defaultConfigurationName = Release;
		};
		BDA7501C19CDF80A00261FEE /* Build configuration list for PBXNativeTarget "MatchismoTests" */ = {
			isa = XCConfigurationList;
			buildConfigurations = (
				BDA7501D19CDF80A00261FEE /* Debug */,
				BDA7501E19CDF80A00261FEE /* Release */,
			);
			defaultConfigurationIsVisible = 0;
			defaultConfigurationName = Release;
		};
/* End XCConfigurationList section */
	};
	rootObject = BDA74FEE19CDF80900261FEE /* Project object */;
}
